
Microsoft Visual Studio Solution File, Format Version 12.00
# Visual Studio Version 16
VisualStudioVersion = 16.0.30611.23
MinimumVisualStudioVersion = 10.0.40219.1
Project("{FAE04EC0-301F-11D3-BF4B-00C04F79EFBC}") = "MechanicShop", "MechanicShop\MechanicShop.csproj", "{203A9F75-3DFE-4B90-BE89-034676C194DB}"
EndProject
Global
	GlobalSection(SolutionConfigurationPlatforms) = preSolution
		Debug|Any CPU = Debug|Any CPU
		Release|Any CPU = Release|Any CPU
	EndGlobalSection
	GlobalSection(ProjectConfigurationPlatforms) = postSolution
		{203A9F75-3DFE-4B90-BE89-034676C194DB}.Debug|Any CPU.ActiveCfg = Debug|Any CPU
		{203A9F75-3DFE-4B90-BE89-034676C194DB}.Debug|Any CPU.Build.0 = Debug|Any CPU
		{203A9F75-3DFE-4B90-BE89-034676C194DB}.Release|Any CPU.ActiveCfg = Release|Any CPU
		{203A9F75-3DFE-4B90-BE89-034676C194DB}.Release|Any CPU.Build.0 = Release|Any CPU
	EndGlobalSection
	GlobalSection(SolutionProperties) = preSolution
		HideSolutionNode = FALSE
	EndGlobalSection
	GlobalSection(ExtensibilityGlobals) = postSolution
		SolutionGuid = {E0C7C4B1-9003-4F51-A4D8-5E972E734064}
	EndGlobalSection
EndGlobal
